
Microsoft Visual Studio Solution File, Format Version 12.00
# Visual Studio Version 17
VisualStudioVersion = 17.10.34916.146
MinimumVisualStudioVersion = 10.0.40219.1
Project("{FAE04EC0-301F-11D3-BF4B-00C04F79EFBC}") = "StraumannDiff", "StraumannDiff\StraumannDiff.csproj", "{DD2EDB3D-8AAF-4017-8223-BFDC124B40FA}"
EndProject
Global
	GlobalSection(SolutionConfigurationPlatforms) = preSolution
		Debug|Any CPU = Debug|Any CPU
		Release|Any CPU = Release|Any CPU
	EndGlobalSection
	GlobalSection(ProjectConfigurationPlatforms) = postSolution
		{DD2EDB3D-8AAF-4017-8223-BFDC124B40FA}.Debug|Any CPU.ActiveCfg = Debug|Any CPU
		{DD2EDB3D-8AAF-4017-8223-BFDC124B40FA}.Debug|Any CPU.Build.0 = Debug|Any CPU
		{DD2EDB3D-8AAF-4017-8223-BFDC124B40FA}.Release|Any CPU.ActiveCfg = Release|Any CPU
		{DD2EDB3D-8AAF-4017-8223-BFDC124B40FA}.Release|Any CPU.Build.0 = Release|Any CPU
	EndGlobalSection
	GlobalSection(SolutionProperties) = preSolution
		HideSolutionNode = FALSE
	EndGlobalSection
	GlobalSection(ExtensibilityGlobals) = postSolution
		SolutionGuid = {DE7FDFC8-2572-4989-BADC-AEAB9F0DA371}
	EndGlobalSection
EndGlobal
